
Microsoft Visual Studio Solution File, Format Version 12.00
# Visual Studio Version 17
VisualStudioVersion = 17.9.34622.214
MinimumVisualStudioVersion = 10.0.40219.1
Project("{FAE04EC0-301F-11D3-BF4B-00C04F79EFBC}") = "ChatHelperBot", "ChatHelperBot\ChatHelperBot.csproj", "{6F2904D0-2735-46EF-8EE1-215FEAA8AAFD}"
EndProject
Global
	GlobalSection(SolutionConfigurationPlatforms) = preSolution
		Debug|Any CPU = Debug|Any CPU
		Release|Any CPU = Release|Any CPU
	EndGlobalSection
	GlobalSection(ProjectConfigurationPlatforms) = postSolution
		{6F2904D0-2735-46EF-8EE1-215FEAA8AAFD}.Debug|Any CPU.ActiveCfg = Debug|Any CPU
		{6F2904D0-2735-46EF-8EE1-215FEAA8AAFD}.Debug|Any CPU.Build.0 = Debug|Any CPU
		{6F2904D0-2735-46EF-8EE1-215FEAA8AAFD}.Release|Any CPU.ActiveCfg = Release|Any CPU
		{6F2904D0-2735-46EF-8EE1-215FEAA8AAFD}.Release|Any CPU.Build.0 = Release|Any CPU
	EndGlobalSection
	GlobalSection(SolutionProperties) = preSolution
		HideSolutionNode = FALSE
	EndGlobalSection
	GlobalSection(ExtensibilityGlobals) = postSolution
		SolutionGuid = {A0688989-CF99-4DE0-99FD-6033FBB53F23}
	EndGlobalSection
EndGlobal
